
Microsoft Visual Studio Solution File, Format Version 12.00
# Visual Studio Version 17
VisualStudioVersion = 17.0.31903.59
MinimumVisualStudioVersion = 10.0.40219.1
Project("{2150E333-8FDC-42A3-9474-1A3956D46DE8}") = "src", "src", "{827E0CD3-B72D-47B6-A68D-7590B98EB39B}"
EndProject
Project("{FAE04EC0-301F-11D3-BF4B-00C04F79EFBC}") = "Jadwal.App", "src\Jadwal.App\Jadwal.App.csproj", "{8A3E9839-FFF9-45F8-891A-15C47E6BA521}"
EndProject
Project("{FAE04EC0-301F-11D3-BF4B-00C04F79EFBC}") = "Jadwal.Application", "src\Jadwal.Application\Jadwal.Application.csproj", "{B8496C1F-8F91-4221-9309-834EC1EB735E}"
EndProject
Project("{FAE04EC0-301F-11D3-BF4B-00C04F79EFBC}") = "Jadwal.Domain", "src\Jadwal.Domain\Jadwal.Domain.csproj", "{9128E056-3BDE-4DED-B556-9CD16E9EA8BD}"
EndProject
Project("{FAE04EC0-301F-11D3-BF4B-00C04F79EFBC}") = "Jadwal.Infrastructure", "src\Jadwal.Infrastructure\Jadwal.Infrastructure.csproj", "{8AA4C539-C6A1-4FD3-8689-92FD41C78441}"
EndProject
Project("{FAE04EC0-301F-11D3-BF4B-00C04F79EFBC}") = "Jadwal.Integrations.Jamia", "src\Jadwal.Integrations.Jamia\Jadwal.Integrations.Jamia.csproj", "{5A89E7CF-FD1B-4DA8-A8AD-7EC248F47917}"
EndProject
Project("{FAE04EC0-301F-11D3-BF4B-00C04F79EFBC}") = "Jadwal.Platform.MacOS", "src\Jadwal.Platform.MacOS\Jadwal.Platform.MacOS.csproj", "{60982387-7EE7-4DE3-BFA9-3864AAA75C49}"
EndProject
Project("{FAE04EC0-301F-11D3-BF4B-00C04F79EFBC}") = "Jadwal.Platform.Windows", "src\Jadwal.Platform.Windows\Jadwal.Platform.Windows.csproj", "{ACCE89B7-0234-4D6F-88B0-96E87247D16B}"
EndProject
Project("{FAE04EC0-301F-11D3-BF4B-00C04F79EFBC}") = "Jadwal.UI", "src\Jadwal.UI\Jadwal.UI.csproj", "{E742F36D-6ABE-415A-9253-87CD8A5EDE9F}"
EndProject
Project("{2150E333-8FDC-42A3-9474-1A3956D46DE8}") = "tests", "tests", "{0AB3BF05-4346-4AA6-1389-037BE0695223}"
EndProject
Project("{FAE04EC0-301F-11D3-BF4B-00C04F79EFBC}") = "Jadwal.Application.Tests", "tests\Jadwal.Application.Tests\Jadwal.Application.Tests.csproj", "{CD8E42F2-F5D5-466A-953F-69B5DFA766F5}"
EndProject
Project("{FAE04EC0-301F-11D3-BF4B-00C04F79EFBC}") = "Jadwal.Domain.Tests", "tests\Jadwal.Domain.Tests\Jadwal.Domain.Tests.csproj", "{66ED9AE2-F66F-4380-B0E0-D3BF18E102D8}"
EndProject
Project("{FAE04EC0-301F-11D3-BF4B-00C04F79EFBC}") = "Jadwal.Infrastructure.Tests", "tests\Jadwal.Infrastructure.Tests\Jadwal.Infrastructure.Tests.csproj", "{8F0B565A-7E79-4E93-A593-131C401619C5}"
EndProject
Project("{FAE04EC0-301F-11D3-BF4B-00C04F79EFBC}") = "Jadwal.Integrations.Jamia.Tests", "tests\Jadwal.Integrations.Jamia.Tests\Jadwal.Integrations.Jamia.Tests.csproj", "{631BFEB7-06F8-4C21-AA02-0A1F715BA328}"
EndProject
Project("{FAE04EC0-301F-11D3-BF4B-00C04F79EFBC}") = "Jadwal.UI.Tests", "tests\Jadwal.UI.Tests\Jadwal.UI.Tests.csproj", "{B2901659-4814-473A-BC0B-92F03FB0C748}"
EndProject
Global
	GlobalSection(SolutionConfigurationPlatforms) = preSolution
		Debug|Any CPU = Debug|Any CPU
		Debug|x64 = Debug|x64
		Debug|x86 = Debug|x86
		Release|Any CPU = Release|Any CPU
		Release|x64 = Release|x64
		Release|x86 = Release|x86
	EndGlobalSection
	GlobalSection(ProjectConfigurationPlatforms) = postSolution
		{8A3E9839-FFF9-45F8-891A-15C47E6BA521}.Debug|Any CPU.ActiveCfg = Debug|Any CPU
		{8A3E9839-FFF9-45F8-891A-15C47E6BA521}.Debug|Any CPU.Build.0 = Debug|Any CPU
		{8A3E9839-FFF9-45F8-891A-15C47E6BA521}.Debug|x64.ActiveCfg = Debug|Any CPU
		{8A3E9839-FFF9-45F8-891A-15C47E6BA521}.Debug|x64.Build.0 = Debug|Any CPU
		{8A3E9839-FFF9-45F8-891A-15C47E6BA521}.Debug|x86.ActiveCfg = Debug|Any CPU
		{8A3E9839-FFF9-45F8-891A-15C47E6BA521}.Debug|x86.Build.0 = Debug|Any CPU
		{8A3E9839-FFF9-45F8-891A-15C47E6BA521}.Release|Any CPU.ActiveCfg = Release|Any CPU
		{8A3E9839-FFF9-45F8-891A-15C47E6BA521}.Release|Any CPU.Build.0 = Release|Any CPU
		{8A3E9839-FFF9-45F8-891A-15C47E6BA521}.Release|x64.ActiveCfg = Release|Any CPU
		{8A3E9839-FFF9-45F8-891A-15C47E6BA521}.Release|x64.Build.0 = Release|Any CPU
		{8A3E9839-FFF9-45F8-891A-15C47E6BA521}.Release|x86.ActiveCfg = Release|Any CPU
		{8A3E9839-FFF9-45F8-891A-15C47E6BA521}.Release|x86.Build.0 = Release|Any CPU
		{B8496C1F-8F91-4221-9309-834EC1EB735E}.Debug|Any CPU.ActiveCfg = Debug|Any CPU
		{B8496C1F-8F91-4221-9309-834EC1EB735E}.Debug|Any CPU.Build.0 = Debug|Any CPU
		{B8496C1F-8F91-4221-9309-834EC1EB735E}.Debug|x64.ActiveCfg = Debug|Any CPU
		{B8496C1F-8F91-4221-9309-834EC1EB735E}.Debug|x64.Build.0 = Debug|Any CPU
		{B8496C1F-8F91-4221-9309-834EC1EB735E}.Debug|x86.ActiveCfg = Debug|Any CPU
		{B8496C1F-8F91-4221-9309-834EC1EB735E}.Debug|x86.Build.0 = Debug|Any CPU
		{B8496C1F-8F91-4221-9309-834EC1EB735E}.Release|Any CPU.ActiveCfg = Release|Any CPU
		{B8496C1F-8F91-4221-9309-834EC1EB735E}.Release|Any CPU.Build.0 = Release|Any CPU
		{B8496C1F-8F91-4221-9309-834EC1EB735E}.Release|x64.ActiveCfg = Release|Any CPU
		{B8496C1F-8F91-4221-9309-834EC1EB735E}.Release|x64.Build.0 = Release|Any CPU
		{B8496C1F-8F91-4221-9309-834EC1EB735E}.Release|x86.ActiveCfg = Release|Any CPU
		{B8496C1F-8F91-4221-9309-834EC1EB735E}.Release|x86.Build.0 = Release|Any CPU
		{9128E056-3BDE-4DED-B556-9CD16E9EA8BD}.Debug|Any CPU.ActiveCfg = Debug|Any CPU
		{9128E056-3BDE-4DED-B556-9CD16E9EA8BD}.Debug|Any CPU.Build.0 = Debug|Any CPU
		{9128E056-3BDE-4DED-B556-9CD16E9EA8BD}.Debug|x64.ActiveCfg = Debug|Any CPU
		{9128E056-3BDE-4DED-B556-9CD16E9EA8BD}.Debug|x64.Build.0 = Debug|Any CPU
		{9128E056-3BDE-4DED-B556-9CD16E9EA8BD}.Debug|x86.ActiveCfg = Debug|Any CPU
		{9128E056-3BDE-4DED-B556-9CD16E9EA8BD}.Debug|x86.Build.0 = Debug|Any CPU
		{9128E056-3BDE-4DED-B556-9CD16E9EA8BD}.Release|Any CPU.ActiveCfg = Release|Any CPU
		{9128E056-3BDE-4DED-B556-9CD16E9EA8BD}.Release|Any CPU.Build.0 = Release|Any CPU
		{9128E056-3BDE-4DED-B556-9CD16E9EA8BD}.Release|x64.ActiveCfg = Release|Any CPU
		{9128E056-3BDE-4DED-B556-9CD16E9EA8BD}.Release|x64.Build.0 = Release|Any CPU
		{9128E056-3BDE-4DED-B556-9CD16E9EA8BD}.Release|x86.ActiveCfg = Release|Any CPU
		{9128E056-3BDE-4DED-B556-9CD16E9EA8BD}.Release|x86.Build.0 = Release|Any CPU
		{8AA4C539-C6A1-4FD3-8689-92FD41C78441}.Debug|Any CPU.ActiveCfg = Debug|Any CPU
		{8AA4C539-C6A1-4FD3-8689-92FD41C78441}.Debug|Any CPU.Build.0 = Debug|Any CPU
		{8AA4C539-C6A1-4FD3-8689-92FD41C78441}.Debug|x64.ActiveCfg = Debug|Any CPU
		{8AA4C539-C6A1-4FD3-8689-92FD41C78441}.Debug|x64.Build.0 = Debug|Any CPU
		{8AA4C539-C6A1-4FD3-8689-92FD41C78441}.Debug|x86.ActiveCfg = Debug|Any CPU
		{8AA4C539-C6A1-4FD3-8689-92FD41C78441}.Debug|x86.Build.0 = Debug|Any CPU
		{8AA4C539-C6A1-4FD3-8689-92FD41C78441}.Release|Any CPU.ActiveCfg = Release|Any CPU
		{8AA4C539-C6A1-4FD3-8689-92FD41C78441}.Release|Any CPU.Build.0 = Release|Any CPU
		{8AA4C539-C6A1-4FD3-8689-92FD41C78441}.Release|x64.ActiveCfg = Release|Any CPU
		{8AA4C539-C6A1-4FD3-8689-92FD41C78441}.Release|x64.Build.0 = Release|Any CPU
		{8AA4C539-C6A1-4FD3-8689-92FD41C78441}.Release|x86.ActiveCfg = Release|Any CPU
		{8AA4C539-C6A1-4FD3-8689-92FD41C78441}.Release|x86.Build.0 = Release|Any CPU
		{5A89E7CF-FD1B-4DA8-A8AD-7EC248F47917}.Debug|Any CPU.ActiveCfg = Debug|Any CPU
		{5A89E7CF-FD1B-4DA8-A8AD-7EC248F47917}.Debug|Any CPU.Build.0 = Debug|Any CPU
		{5A89E7CF-FD1B-4DA8-A8AD-7EC248F47917}.Debug|x64.ActiveCfg = Debug|Any CPU
		{5A89E7CF-FD1B-4DA8-A8AD-7EC248F47917}.Debug|x64.Build.0 = Debug|Any CPU
		{5A89E7CF-FD1B-4DA8-A8AD-7EC248F47917}.Debug|x86.ActiveCfg = Debug|Any CPU
		{5A89E7CF-FD1B-4DA8-A8AD-7EC248F47917}.Debug|x86.Build.0 = Debug|Any CPU
		{5A89E7CF-FD1B-4DA8-A8AD-7EC248F47917}.Release|Any CPU.ActiveCfg = Release|Any CPU
		{5A89E7CF-FD1B-4DA8-A8AD-7EC248F47917}.Release|Any CPU.Build.0 = Release|Any CPU
		{5A89E7CF-FD1B-4DA8-A8AD-7EC248F47917}.Release|x64.ActiveCfg = Release|Any CPU
		{5A89E7CF-FD1B-4DA8-A8AD-7EC248F47917}.Release|x64.Build.0 = Release|Any CPU
		{5A89E7CF-FD1B-4DA8-A8AD-7EC248F47917}.Release|x86.ActiveCfg = Release|Any CPU
		{5A89E7CF-FD1B-4DA8-A8AD-7EC248F47917}.Release|x86.Build.0 = Release|Any CPU
		{60982387-7EE7-4DE3-BFA9-3864AAA75C49}.Debug|Any CPU.ActiveCfg = Debug|Any CPU
		{60982387-7EE7-4DE3-BFA9-3864AAA75C49}.Debug|Any CPU.Build.0 = Debug|Any CPU
		{60982387-7EE7-4DE3-BFA9-3864AAA75C49}.Debug|x64.ActiveCfg = Debug|Any CPU
		{60982387-7EE7-4DE3-BFA9-3864AAA75C49}.Debug|x64.Build.0 = Debug|Any CPU
		{60982387-7EE7-4DE3-BFA9-3864AAA75C49}.Debug|x86.ActiveCfg = Debug|Any CPU
		{60982387-7EE7-4DE3-BFA9-3864AAA75C49}.Debug|x86.Build.0 = Debug|Any CPU
		{60982387-7EE7-4DE3-BFA9-3864AAA75C49}.Release|Any CPU.ActiveCfg = Release|Any CPU
		{60982387-7EE7-4DE3-BFA9-3864AAA75C49}.Release|Any CPU.Build.0 = Release|Any CPU
		{60982387-7EE7-4DE3-BFA9-3864AAA75C49}.Release|x64.ActiveCfg = Release|Any CPU
		{60982387-7EE7-4DE3-BFA9-3864AAA75C49}.Release|x64.Build.0 = Release|Any CPU
		{60982387-7EE7-4DE3-BFA9-3864AAA75C49}.Release|x86.ActiveCfg = Release|Any CPU
		{60982387-7EE7-4DE3-BFA9-3864AAA75C49}.Release|x86.Build.0 = Release|Any CPU
		{ACCE89B7-0234-4D6F-88B0-96E87247D16B}.Debug|Any CPU.ActiveCfg = Debug|Any CPU
		{ACCE89B7-0234-4D6F-88B0-96E87247D16B}.Debug|Any CPU.Build.0 = Debug|Any CPU
		{ACCE89B7-0234-4D6F-88B0-96E87247D16B}.Debug|x64.ActiveCfg = Debug|Any CPU
		{ACCE89B7-0234-4D6F-88B0-96E87247D16B}.Debug|x64.Build.0 = Debug|Any CPU
		{ACCE89B7-0234-4D6F-88B0-96E87247D16B}.Debug|x86.ActiveCfg = Debug|Any CPU
		{ACCE89B7-0234-4D6F-88B0-96E87247D16B}.Debug|x86.Build.0 = Debug|Any CPU
		{ACCE89B7-0234-4D6F-88B0-96E87247D16B}.Release|Any CPU.ActiveCfg = Release|Any CPU
		{ACCE89B7-0234-4D6F-88B0-96E87247D16B}.Release|Any CPU.Build.0 = Release|Any CPU
		{ACCE89B7-0234-4D6F-88B0-96E87247D16B}.Release|x64.ActiveCfg = Release|Any CPU
		{ACCE89B7-0234-4D6F-88B0-96E87247D16B}.Release|x64.Build.0 = Release|Any CPU
		{ACCE89B7-0234-4D6F-88B0-96E87247D16B}.Release|x86.ActiveCfg = Release|Any CPU
		{ACCE89B7-0234-4D6F-88B0-96E87247D16B}.Release|x86.Build.0 = Release|Any CPU
		{E742F36D-6ABE-415A-9253-87CD8A5EDE9F}.Debug|Any CPU.ActiveCfg = Debug|Any CPU
		{E742F36D-6ABE-415A-9253-87CD8A5EDE9F}.Debug|Any CPU.Build.0 = Debug|Any CPU
		{E742F36D-6ABE-415A-9253-87CD8A5EDE9F}.Debug|x64.ActiveCfg = Debug|Any CPU
		{E742F36D-6ABE-415A-9253-87CD8A5EDE9F}.Debug|x64.Build.0 = Debug|Any CPU
		{E742F36D-6ABE-415A-9253-87CD8A5EDE9F}.Debug|x86.ActiveCfg = Debug|Any CPU
		{E742F36D-6ABE-415A-9253-87CD8A5EDE9F}.Debug|x86.Build.0 = Debug|Any CPU
		{E742F36D-6ABE-415A-9253-87CD8A5EDE9F}.Release|Any CPU.ActiveCfg = Release|Any CPU
		{E742F36D-6ABE-415A-9253-87CD8A5EDE9F}.Release|Any CPU.Build.0 = Release|Any CPU
		{E742F36D-6ABE-415A-9253-87CD8A5EDE9F}.Release|x64.ActiveCfg = Release|Any CPU
		{E742F36D-6ABE-415A-9253-87CD8A5EDE9F}.Release|x64.Build.0 = Release|Any CPU
		{E742F36D-6ABE-415A-9253-87CD8A5EDE9F}.Release|x86.ActiveCfg = Release|Any CPU
		{E742F36D-6ABE-415A-9253-87CD8A5EDE9F}.Release|x86.Build.0 = Release|Any CPU
		{CD8E42F2-F5D5-466A-953F-69B5DFA766F5}.Debug|Any CPU.ActiveCfg = Debug|Any CPU
		{CD8E42F2-F5D5-466A-953F-69B5DFA766F5}.Debug|Any CPU.Build.0 = Debug|Any CPU
		{CD8E42F2-F5D5-466A-953F-69B5DFA766F5}.Debug|x64.ActiveCfg = Debug|Any CPU
		{CD8E42F2-F5D5-466A-953F-69B5DFA766F5}.Debug|x64.Build.0 = Debug|Any CPU
		{CD8E42F2-F5D5-466A-953F-69B5DFA766F5}.Debug|x86.ActiveCfg = Debug|Any CPU
		{CD8E42F2-F5D5-466A-953F-69B5DFA766F5}.Debug|x86.Build.0 = Debug|Any CPU
		{CD8E42F2-F5D5-466A-953F-69B5DFA766F5}.Release|Any CPU.ActiveCfg = Release|Any CPU
		{CD8E42F2-F5D5-466A-953F-69B5DFA766F5}.Release|Any CPU.Build.0 = Release|Any CPU
		{CD8E42F2-F5D5-466A-953F-69B5DFA766F5}.Release|x64.ActiveCfg = Release|Any CPU
		{CD8E42F2-F5D5-466A-953F-69B5DFA766F5}.Release|x64.Build.0 = Release|Any CPU
		{CD8E42F2-F5D5-466A-953F-69B5DFA766F5}.Release|x86.ActiveCfg = Release|Any CPU
		{CD8E42F2-F5D5-466A-953F-69B5DFA766F5}.Release|x86.Build.0 = Release|Any CPU
		{66ED9AE2-F66F-4380-B0E0-D3BF18E102D8}.Debug|Any CPU.ActiveCfg = Debug|Any CPU
		{66ED9AE2-F66F-4380-B0E0-D3BF18E102D8}.Debug|Any CPU.Build.0 = Debug|Any CPU
		{66ED9AE2-F66F-4380-B0E0-D3BF18E102D8}.Debug|x64.ActiveCfg = Debug|Any CPU
		{66ED9AE2-F66F-4380-B0E0-D3BF18E102D8}.Debug|x64.Build.0 = Debug|Any CPU
		{66ED9AE2-F66F-4380-B0E0-D3BF18E102D8}.Debug|x86.ActiveCfg = Debug|Any CPU
		{66ED9AE2-F66F-4380-B0E0-D3BF18E102D8}.Debug|x86.Build.0 = Debug|Any CPU
		{66ED9AE2-F66F-4380-B0E0-D3BF18E102D8}.Release|Any CPU.ActiveCfg = Release|Any CPU
		{66ED9AE2-F66F-4380-B0E0-D3BF18E102D8}.Release|Any CPU.Build.0 = Release|Any CPU
		{66ED9AE2-F66F-4380-B0E0-D3BF18E102D8}.Release|x64.ActiveCfg = Release|Any CPU
		{66ED9AE2-F66F-4380-B0E0-D3BF18E102D8}.Release|x64.Build.0 = Release|Any CPU
		{66ED9AE2-F66F-4380-B0E0-D3BF18E102D8}.Release|x86.ActiveCfg = Release|Any CPU
		{66ED9AE2-F66F-4380-B0E0-D3BF18E102D8}.Release|x86.Build.0 = Release|Any CPU
		{8F0B565A-7E79-4E93-A593-131C401619C5}.Debug|Any CPU.ActiveCfg = Debug|Any CPU
		{8F0B565A-7E79-4E93-A593-131C401619C5}.Debug|Any CPU.Build.0 = Debug|Any CPU
		{8F0B565A-7E79-4E93-A593-131C401619C5}.Debug|x64.ActiveCfg = Debug|Any CPU
		{8F0B565A-7E79-4E93-A593-131C401619C5}.Debug|x64.Build.0 = Debug|Any CPU
		{8F0B565A-7E79-4E93-A593-131C401619C5}.Debug|x86.ActiveCfg = Debug|Any CPU
		{8F0B565A-7E79-4E93-A593-131C401619C5}.Debug|x86.Build.0 = Debug|Any CPU
		{8F0B565A-7E79-4E93-A593-131C401619C5}.Release|Any CPU.ActiveCfg = Release|Any CPU
		{8F0B565A-7E79-4E93-A593-131C401619C5}.Release|Any CPU.Build.0 = Release|Any CPU
		{8F0B565A-7E79-4E93-A593-131C401619C5}.Release|x64.ActiveCfg = Release|Any CPU
		{8F0B565A-7E79-4E93-A593-131C401619C5}.Release|x64.Build.0 = Release|Any CPU
		{8F0B565A-7E79-4E93-A593-131C401619C5}.Release|x86.ActiveCfg = Release|Any CPU
		{8F0B565A-7E79-4E93-A593-131C401619C5}.Release|x86.Build.0 = Release|Any CPU
		{631BFEB7-06F8-4C21-AA02-0A1F715BA328}.Debug|Any CPU.ActiveCfg = Debug|Any CPU
		{631BFEB7-06F8-4C21-AA02-0A1F715BA328}.Debug|Any CPU.Build.0 = Debug|Any CPU
		{631BFEB7-06F8-4C21-AA02-0A1F715BA328}.Debug|x64.ActiveCfg = Debug|Any CPU
		{631BFEB7-06F8-4C21-AA02-0A1F715BA328}.Debug|x64.Build.0 = Debug|Any CPU
		{631BFEB7-06F8-4C21-AA02-0A1F715BA328}.Debug|x86.ActiveCfg = Debug|Any CPU
		{631BFEB7-06F8-4C21-AA02-0A1F715BA328}.Debug|x86.Build.0 = Debug|Any CPU
		{631BFEB7-06F8-4C21-AA02-0A1F715BA328}.Release|Any CPU.ActiveCfg = Release|Any CPU
		{631BFEB7-06F8-4C21-AA02-0A1F715BA328}.Release|Any CPU.Build.0 = Release|Any CPU
		{631BFEB7-06F8-4C21-AA02-0A1F715BA328}.Release|x64.ActiveCfg = Release|Any CPU
		{631BFEB7-06F8-4C21-AA02-0A1F715BA328}.Release|x64.Build.0 = Release|Any CPU
		{631BFEB7-06F8-4C21-AA02-0A1F715BA328}.Release|x86.ActiveCfg = Release|Any CPU
		{631BFEB7-06F8-4C21-AA02-0A1F715BA328}.Release|x86.Build.0 = Release|Any CPU
		{B2901659-4814-473A-BC0B-92F03FB0C748}.Debug|Any CPU.ActiveCfg = Debug|Any CPU
		{B2901659-4814-473A-BC0B-92F03FB0C748}.Debug|Any CPU.Build.0 = Debug|Any CPU
		{B2901659-4814-473A-BC0B-92F03FB0C748}.Debug|x64.ActiveCfg = Debug|Any CPU
		{B2901659-4814-473A-BC0B-92F03FB0C748}.Debug|x64.Build.0 = Debug|Any CPU
		{B2901659-4814-473A-BC0B-92F03FB0C748}.Debug|x86.ActiveCfg = Debug|Any CPU
		{B2901659-4814-473A-BC0B-92F03FB0C748}.Debug|x86.Build.0 = Debug|Any CPU
		{B2901659-4814-473A-BC0B-92F03FB0C748}.Release|Any CPU.ActiveCfg = Release|Any CPU
		{B2901659-4814-473A-BC0B-92F03FB0C748}.Release|Any CPU.Build.0 = Release|Any CPU
		{B2901659-4814-473A-BC0B-92F03FB0C748}.Release|x64.ActiveCfg = Release|Any CPU
		{B2901659-4814-473A-BC0B-92F03FB0C748}.Release|x64.Build.0 = Release|Any CPU
		{B2901659-4814-473A-BC0B-92F03FB0C748}.Release|x86.ActiveCfg = Release|Any CPU
		{B2901659-4814-473A-BC0B-92F03FB0C748}.Release|x86.Build.0 = Release|Any CPU
	EndGlobalSection
	GlobalSection(SolutionProperties) = preSolution
		HideSolutionNode = FALSE
	EndGlobalSection
	GlobalSection(NestedProjects) = preSolution
		{8A3E9839-FFF9-45F8-891A-15C47E6BA521} = {827E0CD3-B72D-47B6-A68D-7590B98EB39B}
		{B8496C1F-8F91-4221-9309-834EC1EB735E} = {827E0CD3-B72D-47B6-A68D-7590B98EB39B}
		{9128E056-3BDE-4DED-B556-9CD16E9EA8BD} = {827E0CD3-B72D-47B6-A68D-7590B98EB39B}
		{8AA4C539-C6A1-4FD3-8689-92FD41C78441} = {827E0CD3-B72D-47B6-A68D-7590B98EB39B}
		{5A89E7CF-FD1B-4DA8-A8AD-7EC248F47917} = {827E0CD3-B72D-47B6-A68D-7590B98EB39B}
		{60982387-7EE7-4DE3-BFA9-3864AAA75C49} = {827E0CD3-B72D-47B6-A68D-7590B98EB39B}
		{ACCE89B7-0234-4D6F-88B0-96E87247D16B} = {827E0CD3-B72D-47B6-A68D-7590B98EB39B}
		{E742F36D-6ABE-415A-9253-87CD8A5EDE9F} = {827E0CD3-B72D-47B6-A68D-7590B98EB39B}
		{CD8E42F2-F5D5-466A-953F-69B5DFA766F5} = {0AB3BF05-4346-4AA6-1389-037BE0695223}
		{66ED9AE2-F66F-4380-B0E0-D3BF18E102D8} = {0AB3BF05-4346-4AA6-1389-037BE0695223}
		{8F0B565A-7E79-4E93-A593-131C401619C5} = {0AB3BF05-4346-4AA6-1389-037BE0695223}
		{631BFEB7-06F8-4C21-AA02-0A1F715BA328} = {0AB3BF05-4346-4AA6-1389-037BE0695223}
		{B2901659-4814-473A-BC0B-92F03FB0C748} = {0AB3BF05-4346-4AA6-1389-037BE0695223}
	EndGlobalSection
EndGlobal
